<?xml version="1.0" encoding="utf-8"?>
<Project ToolsVersion="4.0" xmlns="http://schemas.microsoft.com/developer/msbuild/2003">
  <ItemGroup>
    <Filter Include="Source Files">
      <UniqueIdentifier>{4FC737F1-C7A5-4376-A066-2A32D752A2FF}</UniqueIdentifier>
      <Extensions>cpp;c;cc;cxx;c++;cppm;ixx;def;odl;idl;hpj;bat;asm;asmx</Extensions>
    </Filter>
    <Filter Include="Source Files\window">
      <UniqueIdentifier>{6c810d22-7adf-478c-96a3-589270723152}</UniqueIdentifier>
    </Filter>
    <Filter Include="Source Files\graphics">
      <UniqueIdentifier>{3145e6ee-8d38-4e27-86fd-3a0a79c43276}</UniqueIdentifier>
    </Filter>
    <Filter Include="Source Files\event">
      <UniqueIdentifier>{e34b3801-c895-4f7c-b247-e338e62b46e0}</UniqueIdentifier>
    </Filter>
    <Filter Include="Source Files\other">
      <UniqueIdentifier>{8c3e10c2-5db1-4636-a493-1c884886e0c1}</UniqueIdentifier>
    </Filter>
  </ItemGroup>
  <ItemGroup>
    <ClCompile Include="BaseWindow.cpp">
      <Filter>Source Files\window</Filter>
    </ClCompile>
    <ClCompile Include="D2DFactory.cpp">
      <Filter>Source Files\graphics</Filter>
    </ClCompile>
    <ClCompile Include="GameTimer.cpp">
      <Filter>Source Files\event</Filter>
    </ClCompile>
    <ClCompile Include="ResourceLoader.cpp">
      <Filter>Source Files\graphics</Filter>
    </ClCompile>
    <ClCompile Include="pch.cpp">
      <Filter>Source Files\other</Filter>
    </ClCompile>
    <ClCompile Include="Util.cpp">
      <Filter>Source Files\other</Filter>
    </ClCompile>
  </ItemGroup>
  <ItemGroup>
    <ClInclude Include="BaseWindow.h">
      <Filter>Source Files\window</Filter>
    </ClInclude>
    <ClInclude Include="D2DFactory.h">
      <Filter>Source Files\graphics</Filter>
    </ClInclude>
    <ClInclude Include="ID2DGraph.h">
      <Filter>Source Files\graphics</Filter>
    </ClInclude>
    <ClInclude Include="GameTimer.h">
      <Filter>Source Files\event</Filter>
    </ClInclude>
    <ClInclude Include="IUpdateWithTime.h">
      <Filter>Source Files\event</Filter>
    </ClInclude>
    <ClInclude Include="ResourceLoader.h">
      <Filter>Source Files\graphics</Filter>
    </ClInclude>
    <ClInclude Include="pch.h">
      <Filter>Source Files\other</Filter>
    </ClInclude>
    <ClInclude Include="Util.h">
      <Filter>Source Files\other</Filter>
    </ClInclude>
  </ItemGroup>
</Project>